
Microsoft Visual Studio Solution File, Format Version 12.00
# Visual Studio Version 16
VisualStudioVersion = 16.0.30413.136
MinimumVisualStudioVersion = 10.0.40219.1
Project("{9A19103F-16F7-4668-BE54-9A1E7A4F7556}") = "HTKKlub.Desktop.Gui", "HTKKlub.Desktop.Gui\HTKKlub.Desktop.Gui.csproj", "{69FC8D21-5BB5-4295-AEE4-50BA5BC174BE}"
EndProject
Project("{9A19103F-16F7-4668-BE54-9A1E7A4F7556}") = "HTKKlub.Utilities", "HTKKlub.Utilities\HTKKlub.Utilities.csproj", "{528759A0-B437-49A4-9626-425CC955C045}"
EndProject
Project("{9A19103F-16F7-4668-BE54-9A1E7A4F7556}") = "HTKKlub.Entities", "HTKKlub.Entities\HTKKlub.Entities.csproj", "{05D34AB3-2EFD-4920-9DC7-A6E34936127D}"
EndProject
Project("{9A19103F-16F7-4668-BE54-9A1E7A4F7556}") = "HTKKlub.Logging", "HTKKlub.Logging\HTKKlub.Logging.csproj", "{4457F755-6DB2-4F9C-BBBD-4E5B9375143B}"
EndProject
Project("{9A19103F-16F7-4668-BE54-9A1E7A4F7556}") = "HTKKlub.DataAccess", "HTKKlub.DataAccess\HTKKlub.DataAccess.csproj", "{4AD77B4D-499B-4F63-B696-1C9DB2C6670D}"
EndProject
Project("{9A19103F-16F7-4668-BE54-9A1E7A4F7556}") = "HTKKlub.MSTests", "HTKKlub.MSTests\HTKKlub.MSTests.csproj", "{88211916-0843-486C-8890-C4654FCBA20E}"
EndProject
Project("{9A19103F-16F7-4668-BE54-9A1E7A4F7556}") = "HTKKlub.WebAPI", "HTKKlub.WebAPI\HTKKlub.WebAPI.csproj", "{47970900-C997-45B9-B2BE-D6A83E724D19}"
EndProject
Project("{FAE04EC0-301F-11D3-BF4B-00C04F79EFBC}") = "HTKKlub.Services", "HTKKlub.Services\HTKKlub.Services.csproj", "{478AA9AF-73F1-40F3-9D66-017A71050544}"
EndProject
Global
	GlobalSection(SolutionConfigurationPlatforms) = preSolution
		Debug|Any CPU = Debug|Any CPU
		Release|Any CPU = Release|Any CPU
	EndGlobalSection
	GlobalSection(ProjectConfigurationPlatforms) = postSolution
		{69FC8D21-5BB5-4295-AEE4-50BA5BC174BE}.Debug|Any CPU.ActiveCfg = Debug|Any CPU
		{69FC8D21-5BB5-4295-AEE4-50BA5BC174BE}.Debug|Any CPU.Build.0 = Debug|Any CPU
		{69FC8D21-5BB5-4295-AEE4-50BA5BC174BE}.Release|Any CPU.ActiveCfg = Release|Any CPU
		{69FC8D21-5BB5-4295-AEE4-50BA5BC174BE}.Release|Any CPU.Build.0 = Release|Any CPU
		{528759A0-B437-49A4-9626-425CC955C045}.Debug|Any CPU.ActiveCfg = Debug|Any CPU
		{528759A0-B437-49A4-9626-425CC955C045}.Debug|Any CPU.Build.0 = Debug|Any CPU
		{528759A0-B437-49A4-9626-425CC955C045}.Release|Any CPU.ActiveCfg = Release|Any CPU
		{528759A0-B437-49A4-9626-425CC955C045}.Release|Any CPU.Build.0 = Release|Any CPU
		{05D34AB3-2EFD-4920-9DC7-A6E34936127D}.Debug|Any CPU.ActiveCfg = Debug|Any CPU
		{05D34AB3-2EFD-4920-9DC7-A6E34936127D}.Debug|Any CPU.Build.0 = Debug|Any CPU
		{05D34AB3-2EFD-4920-9DC7-A6E34936127D}.Release|Any CPU.ActiveCfg = Release|Any CPU
		{05D34AB3-2EFD-4920-9DC7-A6E34936127D}.Release|Any CPU.Build.0 = Release|Any CPU
		{4457F755-6DB2-4F9C-BBBD-4E5B9375143B}.Debug|Any CPU.ActiveCfg = Debug|Any CPU
		{4457F755-6DB2-4F9C-BBBD-4E5B9375143B}.Debug|Any CPU.Build.0 = Debug|Any CPU
		{4457F755-6DB2-4F9C-BBBD-4E5B9375143B}.Release|Any CPU.ActiveCfg = Release|Any CPU
		{4457F755-6DB2-4F9C-BBBD-4E5B9375143B}.Release|Any CPU.Build.0 = Release|Any CPU
		{4AD77B4D-499B-4F63-B696-1C9DB2C6670D}.Debug|Any CPU.ActiveCfg = Debug|Any CPU
		{4AD77B4D-499B-4F63-B696-1C9DB2C6670D}.Debug|Any CPU.Build.0 = Debug|Any CPU
		{4AD77B4D-499B-4F63-B696-1C9DB2C6670D}.Release|Any CPU.ActiveCfg = Release|Any CPU
		{4AD77B4D-499B-4F63-B696-1C9DB2C6670D}.Release|Any CPU.Build.0 = Release|Any CPU
		{88211916-0843-486C-8890-C4654FCBA20E}.Debug|Any CPU.ActiveCfg = Debug|Any CPU
		{88211916-0843-486C-8890-C4654FCBA20E}.Debug|Any CPU.Build.0 = Debug|Any CPU
		{88211916-0843-486C-8890-C4654FCBA20E}.Release|Any CPU.ActiveCfg = Release|Any CPU
		{88211916-0843-486C-8890-C4654FCBA20E}.Release|Any CPU.Build.0 = Release|Any CPU
		{47970900-C997-45B9-B2BE-D6A83E724D19}.Debug|Any CPU.ActiveCfg = Debug|Any CPU
		{47970900-C997-45B9-B2BE-D6A83E724D19}.Debug|Any CPU.Build.0 = Debug|Any CPU
		{47970900-C997-45B9-B2BE-D6A83E724D19}.Release|Any CPU.ActiveCfg = Release|Any CPU
		{47970900-C997-45B9-B2BE-D6A83E724D19}.Release|Any CPU.Build.0 = Release|Any CPU
		{478AA9AF-73F1-40F3-9D66-017A71050544}.Debug|Any CPU.ActiveCfg = Debug|Any CPU
		{478AA9AF-73F1-40F3-9D66-017A71050544}.Debug|Any CPU.Build.0 = Debug|Any CPU
		{478AA9AF-73F1-40F3-9D66-017A71050544}.Release|Any CPU.ActiveCfg = Release|Any CPU
		{478AA9AF-73F1-40F3-9D66-017A71050544}.Release|Any CPU.Build.0 = Release|Any CPU
	EndGlobalSection
	GlobalSection(SolutionProperties) = preSolution
		HideSolutionNode = FALSE
	EndGlobalSection
	GlobalSection(ExtensibilityGlobals) = postSolution
		SolutionGuid = {40BB8757-D6C7-4E9A-AE5D-7C4015EFC2D3}
	EndGlobalSection
EndGlobal
